{
  "originHash" : "8bf0ec43981d3447d87a591ed20769364b91d772a7532acfa994248f30c75192",
  "pins" : [
    {
      "identity" : "kmp-nativecoroutines",
      "kind" : "remoteSourceControl",
      "location" : "https://github.com/rickclephas/KMP-NativeCoroutines",
      "state" : {
        "branch" : "master",
        "revision" : "39f72d6a079c6752ded441adda0d7c2cfb8c0325"
      }
    },
    {
      "identity" : "kmp-observableviewmodel",
      "kind" : "remoteSourceControl",
      "location" : "https://github.com/rickclephas/KMP-ObservableViewModel",
      "state" : {
        "branch" : "master",
        "revision" : "b7976b0854921f7fa7b4d5fb3d5b029438a1b32d"
      }
    },
    {
      "identity" : "rxswift",
      "kind" : "remoteSourceControl",
      "location" : "https://github.com/ReactiveX/RxSwift.git",
      "state" : {
        "revision" : "5dd1907d64f0d36f158f61a466bab75067224893",
        "version" : "6.9.0"
      }
    }
  ],
  "version" : 3
}
